
Microsoft Visual Studio Solution File, Format Version 12.00
# Visual Studio Version 17
VisualStudioVersion = 17.5.33516.290
MinimumVisualStudioVersion = 10.0.40219.1
Project("{FAE04EC0-301F-11D3-BF4B-00C04F79EFBC}") = "derivative", "derivative\derivative.csproj", "{AF76882A-802D-4EDB-A42A-5AC7A540CB34}"
EndProject
Global
	GlobalSection(SolutionConfigurationPlatforms) = preSolution
		Debug|Any CPU = Debug|Any CPU
		Release|Any CPU = Release|Any CPU
	EndGlobalSection
	GlobalSection(ProjectConfigurationPlatforms) = postSolution
		{AF76882A-802D-4EDB-A42A-5AC7A540CB34}.Debug|Any CPU.ActiveCfg = Debug|Any CPU
		{AF76882A-802D-4EDB-A42A-5AC7A540CB34}.Debug|Any CPU.Build.0 = Debug|Any CPU
		{AF76882A-802D-4EDB-A42A-5AC7A540CB34}.Release|Any CPU.ActiveCfg = Release|Any CPU
		{AF76882A-802D-4EDB-A42A-5AC7A540CB34}.Release|Any CPU.Build.0 = Release|Any CPU
	EndGlobalSection
	GlobalSection(SolutionProperties) = preSolution
		HideSolutionNode = FALSE
	EndGlobalSection
	GlobalSection(ExtensibilityGlobals) = postSolution
		SolutionGuid = {011CE909-FA40-4FDA-9622-40F7C56B0875}
	EndGlobalSection
EndGlobal
